
Microsoft Visual Studio Solution File, Format Version 12.00
# Visual Studio Version 17
VisualStudioVersion = 17.5.33627.172
MinimumVisualStudioVersion = 10.0.40219.1

Project("{FAE04EC0-301F-11D3-BF4B-00C04F79EFBC}") = "Library_StatusOrder", "Library_StatusOrder\Library_StatusOrder.csproj", "{496904FA-AC24-4A67-9670-EB7E7E771AC7}"
EndProject
Project("{FAE04EC0-301F-11D3-BF4B-00C04F79EFBC}") = "mainProgram", "mainProgram\mainProgram.csproj", "{FDE8F029-88E9-4039-835C-F7D3F0CECF88}"
EndProject
Project("{FAE04EC0-301F-11D3-BF4B-00C04F79EFBC}") = "Library_StatusOrderTests", "Library_StatusOrderTests\Library_StatusOrderTests.csproj", "{89B287D1-1FAD-449B-BD82-6F5FA75D378C}"


Project("{FAE04EC0-301F-11D3-BF4B-00C04F79EFBC}") = "MemilihMenuMakanan", "MemilihMenuMakanan\MemilihMenuMakanan.csproj", "{A21D3EF6-1030-4B1E-9273-0C4225AF353D}"
EndProject
Project("{FAE04EC0-301F-11D3-BF4B-00C04F79EFBC}") = "CheckoutMenuMakanan", "CheckoutMenuMakanan\CheckoutMenuMakanan.csproj", "{1D4652D0-9AC9-4EA8-B0E2-EC9F127FCF0E}"
EndProject
Project("{FAE04EC0-301F-11D3-BF4B-00C04F79EFBC}") = "unitTest", "unitTest\unitTest.csproj", "{4A2A4127-0820-4EE7-A2BC-64F21EB66807}"

Project("{9A19103F-16F7-4668-BE54-9A1E7A4F7556}") = "AccountManager", "AccountManager\AccountManager.csproj", "{D935C819-1F35-4D1E-85AC-B50231CB2659}"
EndProject
Project("{FAE04EC0-301F-11D3-BF4B-00C04F79EFBC}") = "unittestAccount", "unittestAccount\unittestAccount.csproj", "{C8EF6BF5-D2A3-4C9B-B00A-B81AFE5473EF}"

EndProject
Global
	GlobalSection(SolutionConfigurationPlatforms) = preSolution
		Debug|Any CPU = Debug|Any CPU
		Release|Any CPU = Release|Any CPU
	EndGlobalSection
	GlobalSection(ProjectConfigurationPlatforms) = postSolution

		{496904FA-AC24-4A67-9670-EB7E7E771AC7}.Debug|Any CPU.ActiveCfg = Debug|Any CPU
		{496904FA-AC24-4A67-9670-EB7E7E771AC7}.Debug|Any CPU.Build.0 = Debug|Any CPU
		{496904FA-AC24-4A67-9670-EB7E7E771AC7}.Release|Any CPU.ActiveCfg = Release|Any CPU
		{496904FA-AC24-4A67-9670-EB7E7E771AC7}.Release|Any CPU.Build.0 = Release|Any CPU
		{FDE8F029-88E9-4039-835C-F7D3F0CECF88}.Debug|Any CPU.ActiveCfg = Debug|Any CPU
		{FDE8F029-88E9-4039-835C-F7D3F0CECF88}.Debug|Any CPU.Build.0 = Debug|Any CPU
		{FDE8F029-88E9-4039-835C-F7D3F0CECF88}.Release|Any CPU.ActiveCfg = Release|Any CPU
		{FDE8F029-88E9-4039-835C-F7D3F0CECF88}.Release|Any CPU.Build.0 = Release|Any CPU
		{89B287D1-1FAD-449B-BD82-6F5FA75D378C}.Debug|Any CPU.ActiveCfg = Debug|Any CPU
		{89B287D1-1FAD-449B-BD82-6F5FA75D378C}.Debug|Any CPU.Build.0 = Debug|Any CPU
		{89B287D1-1FAD-449B-BD82-6F5FA75D378C}.Release|Any CPU.ActiveCfg = Release|Any CPU
		{89B287D1-1FAD-449B-BD82-6F5FA75D378C}.Release|Any CPU.Build.0 = Release|Any CPU


		{A21D3EF6-1030-4B1E-9273-0C4225AF353D}.Debug|Any CPU.ActiveCfg = Debug|Any CPU
		{A21D3EF6-1030-4B1E-9273-0C4225AF353D}.Debug|Any CPU.Build.0 = Debug|Any CPU
		{A21D3EF6-1030-4B1E-9273-0C4225AF353D}.Release|Any CPU.ActiveCfg = Release|Any CPU
		{A21D3EF6-1030-4B1E-9273-0C4225AF353D}.Release|Any CPU.Build.0 = Release|Any CPU
		{1D4652D0-9AC9-4EA8-B0E2-EC9F127FCF0E}.Debug|Any CPU.ActiveCfg = Debug|Any CPU
		{1D4652D0-9AC9-4EA8-B0E2-EC9F127FCF0E}.Debug|Any CPU.Build.0 = Debug|Any CPU
		{1D4652D0-9AC9-4EA8-B0E2-EC9F127FCF0E}.Release|Any CPU.ActiveCfg = Release|Any CPU
		{1D4652D0-9AC9-4EA8-B0E2-EC9F127FCF0E}.Release|Any CPU.Build.0 = Release|Any CPU
		{4A2A4127-0820-4EE7-A2BC-64F21EB66807}.Debug|Any CPU.ActiveCfg = Debug|Any CPU
		{4A2A4127-0820-4EE7-A2BC-64F21EB66807}.Debug|Any CPU.Build.0 = Debug|Any CPU
		{4A2A4127-0820-4EE7-A2BC-64F21EB66807}.Release|Any CPU.ActiveCfg = Release|Any CPU
		{4A2A4127-0820-4EE7-A2BC-64F21EB66807}.Release|Any CPU.Build.0 = Release|Any CPU
		{D935C819-1F35-4D1E-85AC-B50231CB2659}.Debug|Any CPU.ActiveCfg = Debug|Any CPU
		{D935C819-1F35-4D1E-85AC-B50231CB2659}.Debug|Any CPU.Build.0 = Debug|Any CPU
		{D935C819-1F35-4D1E-85AC-B50231CB2659}.Release|Any CPU.ActiveCfg = Release|Any CPU
		{D935C819-1F35-4D1E-85AC-B50231CB2659}.Release|Any CPU.Build.0 = Release|Any CPU
		{C8EF6BF5-D2A3-4C9B-B00A-B81AFE5473EF}.Debug|Any CPU.ActiveCfg = Debug|Any CPU
		{C8EF6BF5-D2A3-4C9B-B00A-B81AFE5473EF}.Debug|Any CPU.Build.0 = Debug|Any CPU
		{C8EF6BF5-D2A3-4C9B-B00A-B81AFE5473EF}.Release|Any CPU.ActiveCfg = Release|Any CPU
		{C8EF6BF5-D2A3-4C9B-B00A-B81AFE5473EF}.Release|Any CPU.Build.0 = Release|Any CPU


	EndGlobalSection
	GlobalSection(SolutionProperties) = preSolution
		HideSolutionNode = FALSE
	EndGlobalSection
	GlobalSection(ExtensibilityGlobals) = postSolution
		SolutionGuid = {5BE81117-31A2-4B3B-BB70-55BF07D1E1E3}
	EndGlobalSection
EndGlobal
